{
  "name": "kvstore",
  "version": "1.0.0",
  "lockfileVersion": 1,
  "requires": true,
  "dependencies": {
    "bson": {
      "version": "2.0.4",
      "resolved": "https://registry.npmjs.org/bson/-/bson-2.0.4.tgz",
      "integrity": "sha512-e/GPy6CE0xL7MOYYRMIEwPGKF21WNaQdPIpV0YvaQDoR7oc47KUZ8c2P/TlRJVQP8RZ4CEsArGBC1NbkCRvl1w=="
    }
  }
}
